{
  "name": "@webteks/bact",
  "version": "1.1.0",
  "lockfileVersion": 1,
  "requires": true,
  "dependencies": {
    "@types/debug": {
      "version": "4.1.5",
      "resolved": "https://registry.npmjs.org/@types/debug/-/debug-4.1.5.tgz",
      "integrity": "sha512-Q1y515GcOdTHgagaVFhHnIFQ38ygs/kmxdNpvpou+raI9UO3YZcHDngBSYKQklcKlvA7iuQlmIKbzvmxcOE9CQ=="
    },
    "ansi-escape-sequences": {
      "version": "4.0.1",
      "resolved": "https://registry.npmjs.org/ansi-escape-sequences/-/ansi-escape-sequences-4.0.1.tgz",
      "integrity": "sha512-G3Aona26cXv8nWIwID6MP11WSishqnyOPQjYaVJ7CfY2Xgu5sHOXM39nQg6XtyfF9++oLV6l2uFGojBb4zglGA==",
      "requires": {
        "array-back": "^2.0.0"
      }
    },
    "ansi-styles": {
      "version": "3.2.1",
      "resolved": "https://registry.npmjs.org/ansi-styles/-/ansi-styles-3.2.1.tgz",
      "integrity": "sha512-VT0ZI6kZRdTh8YyJw3SMbYm/u+NqfsAxEpWO0Pf9sq8/e94WxxOpPKx9FR1FlyCtOVDNOQ+8ntlqFxiRc+r5qA==",
      "requires": {
        "color-convert": "^1.9.0"
      }
    },
    "argv-tools": {
      "version": "0.1.1",
      "resolved": "https://registry.npmjs.org/argv-tools/-/argv-tools-0.1.1.tgz",
      "integrity": "sha512-Cc0dBvx4dvrjjKpyDA6w8RlNAw8Su30NvZbWl/Tv9ZALEVlLVkWQiHMi84Q0xNfpVuSaiQbYkdmWK8g1PLGhKw==",
      "requires": {
        "array-back": "^2.0.0",
        "find-replace": "^2.0.1"
      }
    },
    "array-back": {
      "version": "2.0.0",
      "resolved": "https://registry.npmjs.org/array-back/-/array-back-2.0.0.tgz",
      "integrity": "sha512-eJv4pLLufP3g5kcZry0j6WXpIbzYw9GUB4mVJZno9wfwiBxbizTnHCw3VJb07cBihbFX48Y7oSrW9y+gt4glyw==",
      "requires": {
        "typical": "^2.6.1"
      }
    },
    "axios": {
      "version": "0.21.2",
      "resolved": "https://registry.npmjs.org/axios/-/axios-0.21.2.tgz",
      "integrity": "sha512-87otirqUw3e8CzHTMO+/9kh/FSgXt/eVDvipijwDtEuwbkySWZ9SBm6VEubmJ/kLKEoLQV/POhxXFb66bfekfg==",
      "requires": {
        "follow-redirects": "^1.14.0"
      }
    },
    "axios-debug-log": {
      "version": "0.6.2",
      "resolved": "https://registry.npmjs.org/axios-debug-log/-/axios-debug-log-0.6.2.tgz",
      "integrity": "sha512-aavexsFWw+T09e9JkbsNe/zLjdG4r2vwhnKUtCNC/0wpogI/i+bQWJ0jJIuXof734dQ43uiOiFPgbRu8EVa64Q==",
      "requires": {
        "@types/debug": "^4.0.0",
        "debug": "^4.0.0"
      },
      "dependencies": {
        "debug": {
          "version": "4.1.1",
          "resolved": "https://registry.npmjs.org/debug/-/debug-4.1.1.tgz",
          "integrity": "sha512-pYAIzeRo8J6KPEaJ0VWOh5Pzkbw/RetuzehGM7QRRX5he4fPHx2rdKMB256ehJCkX+XRQm16eZLqLNS8RSZXZw==",
          "requires": {
            "ms": "^2.1.1"
          }
        },
        "ms": {
          "version": "2.1.2",
          "resolved": "https://registry.npmjs.org/ms/-/ms-2.1.2.tgz",
          "integrity": "sha512-sGkPx+VjMtmA6MX27oA4FBFELFCZZ4S4XqeGOXCv68tT+jb3vk/RyaKWP0PTKyWtmLSM0b+adUTEvbs1PEaH2w=="
        }
      }
    },
    "chalk": {
      "version": "2.4.2",
      "resolved": "https://registry.npmjs.org/chalk/-/chalk-2.4.2.tgz",
      "integrity": "sha512-Mti+f9lpJNcwF4tWV8/OrTTtF1gZi+f8FqlyAdouralcFWFQWF2+NgCHShjkCb+IFBLq9buZwE1xckQU4peSuQ==",
      "requires": {
        "ansi-styles": "^3.2.1",
        "escape-string-regexp": "^1.0.5",
        "supports-color": "^5.3.0"
      }
    },
    "cli-table": {
      "version": "0.3.1",
      "resolved": "https://registry.npmjs.org/cli-table/-/cli-table-0.3.1.tgz",
      "integrity": "sha1-9TsFJmqLGguTSz0IIebi3FkUriM=",
      "requires": {
        "colors": "1.0.3"
      }
    },
    "color-convert": {
      "version": "1.9.3",
      "resolved": "https://registry.npmjs.org/color-convert/-/color-convert-1.9.3.tgz",
      "integrity": "sha512-QfAUtd+vFdAtFQcC8CCyYt1fYWxSqAiK2cSD6zDB8N3cpsEBAvRxp9zOGg6G/SHHJYAT88/az/IuDGALsNVbGg==",
      "requires": {
        "color-name": "1.1.3"
      }
    },
    "color-name": {
      "version": "1.1.3",
      "resolved": "https://registry.npmjs.org/color-name/-/color-name-1.1.3.tgz",
      "integrity": "sha1-p9BVi9icQveV3UIyj3QIMcpTvCU="
    },
    "colors": {
      "version": "1.0.3",
      "resolved": "https://registry.npmjs.org/colors/-/colors-1.0.3.tgz",
      "integrity": "sha1-BDP0TYCWgP3rYO0mDxsMJi6CpAs="
    },
    "command-line-args": {
      "version": "5.0.2",
      "resolved": "https://registry.npmjs.org/command-line-args/-/command-line-args-5.0.2.tgz",
      "integrity": "sha512-/qPcbL8zpqg53x4rAaqMFlRV4opN3pbla7I7k9x8kyOBMQoGT6WltjN6sXZuxOXw6DgdK7Ad+ijYS5gjcr7vlA==",
      "requires": {
        "argv-tools": "^0.1.1",
        "array-back": "^2.0.0",
        "find-replace": "^2.0.1",
        "lodash.camelcase": "^4.3.0",
        "typical": "^2.6.1"
      }
    },
    "command-line-usage": {
      "version": "4.1.0",
      "resolved": "https://registry.npmjs.org/command-line-usage/-/command-line-usage-4.1.0.tgz",
      "integrity": "sha512-MxS8Ad995KpdAC0Jopo/ovGIroV/m0KHwzKfXxKag6FHOkGsH8/lv5yjgablcRxCJJC0oJeUMuO/gmaq+Wq46g==",
      "requires": {
        "ansi-escape-sequences": "^4.0.0",
        "array-back": "^2.0.0",
        "table-layout": "^0.4.2",
        "typical": "^2.6.1"
      }
    },
    "deep-extend": {
      "version": "0.6.0",
      "resolved": "https://registry.npmjs.org/deep-extend/-/deep-extend-0.6.0.tgz",
      "integrity": "sha512-LOHxIOaPYdHlJRtCQfDIVZtfw/ufM8+rVj649RIHzcm/vGwQRXFt6OPqIFWsm2XEMrNIEtWR64sY1LEKD2vAOA=="
    },
    "escape-string-regexp": {
      "version": "1.0.5",
      "resolved": "https://registry.npmjs.org/escape-string-regexp/-/escape-string-regexp-1.0.5.tgz",
      "integrity": "sha1-G2HAViGQqN/2rjuyzwIAyhMLhtQ="
    },
    "find-replace": {
      "version": "2.0.1",
      "resolved": "https://registry.npmjs.org/find-replace/-/find-replace-2.0.1.tgz",
      "integrity": "sha512-LzDo3Fpa30FLIBsh6DCDnMN1KW2g4QKkqKmejlImgWY67dDFPX/x9Kh/op/GK522DchQXEvDi/wD48HKW49XOQ==",
      "requires": {
        "array-back": "^2.0.0",
        "test-value": "^3.0.0"
      }
    },
    "follow-redirects": {
      "version": "1.15.2",
      "resolved": "https://registry.npmjs.org/follow-redirects/-/follow-redirects-1.15.2.tgz",
      "integrity": "sha512-VQLG33o04KaQ8uYi2tVNbdrWp1QWxNNea+nmIB4EVM28v0hmP17z7aG1+wAkNzVq4KeXTq3221ye5qTJP91JwA=="
    },
    "has-flag": {
      "version": "3.0.0",
      "resolved": "https://registry.npmjs.org/has-flag/-/has-flag-3.0.0.tgz",
      "integrity": "sha1-tdRU3CGZriJWmfNGfloH87lVuv0="
    },
    "lodash": {
      "version": "4.17.21",
      "resolved": "https://registry.npmjs.org/lodash/-/lodash-4.17.21.tgz",
      "integrity": "sha512-v2kDEe57lecTulaDIuNTPy3Ry4gLGJ6Z1O3vE1krgXZNrsQ+LFTGHVxVjcXPs17LhbZVGedAJv8XZ1tvj5FvSg=="
    },
    "lodash.camelcase": {
      "version": "4.3.0",
      "resolved": "https://registry.npmjs.org/lodash.camelcase/-/lodash.camelcase-4.3.0.tgz",
      "integrity": "sha1-soqmKIorn8ZRA1x3EfZathkDMaY="
    },
    "lodash.padend": {
      "version": "4.6.1",
      "resolved": "https://registry.npmjs.org/lodash.padend/-/lodash.padend-4.6.1.tgz",
      "integrity": "sha1-U8y6BH0G4VjTEfRdpiX05J5vFm4="
    },
    "reduce-flatten": {
      "version": "1.0.1",
      "resolved": "https://registry.npmjs.org/reduce-flatten/-/reduce-flatten-1.0.1.tgz",
      "integrity": "sha1-JYx479FT3fk8tWEjf2EYTzaW4yc="
    },
    "supports-color": {
      "version": "5.5.0",
      "resolved": "https://registry.npmjs.org/supports-color/-/supports-color-5.5.0.tgz",
      "integrity": "sha512-QjVjwdXIt408MIiAqCX4oUKsgU2EqAGzs2Ppkm4aQYbjm+ZEWEcW4SfFNTr4uMNZma0ey4f5lgLrkB0aX0QMow==",
      "requires": {
        "has-flag": "^3.0.0"
      }
    },
    "table-layout": {
      "version": "0.4.4",
      "resolved": "https://registry.npmjs.org/table-layout/-/table-layout-0.4.4.tgz",
      "integrity": "sha512-uNaR3SRMJwfdp9OUr36eyEi6LLsbcTqTO/hfTsNviKsNeyMBPICJCC7QXRF3+07bAP6FRwA8rczJPBqXDc0CkQ==",
      "requires": {
        "array-back": "^2.0.0",
        "deep-extend": "~0.6.0",
        "lodash.padend": "^4.6.1",
        "typical": "^2.6.1",
        "wordwrapjs": "^3.0.0"
      }
    },
    "test-value": {
      "version": "3.0.0",
      "resolved": "https://registry.npmjs.org/test-value/-/test-value-3.0.0.tgz",
      "integrity": "sha512-sVACdAWcZkSU9x7AOmJo5TqE+GyNJknHaHsMrR6ZnhjVlVN9Yx6FjHrsKZ3BjIpPCT68zYesPWkakrNupwfOTQ==",
      "requires": {
        "array-back": "^2.0.0",
        "typical": "^2.6.1"
      }
    },
    "typical": {
      "version": "2.6.1",
      "resolved": "https://registry.npmjs.org/typical/-/typical-2.6.1.tgz",
      "integrity": "sha1-XAgOXWYcu+OCWdLnCjxyU+hziB0="
    },
    "wordwrapjs": {
      "version": "3.0.0",
      "resolved": "https://registry.npmjs.org/wordwrapjs/-/wordwrapjs-3.0.0.tgz",
      "integrity": "sha512-mO8XtqyPvykVCsrwj5MlOVWvSnCdT+C+QVbm6blradR7JExAhbkZ7hZ9A+9NUtwzSqrlUo9a67ws0EiILrvRpw==",
      "requires": {
        "reduce-flatten": "^1.0.1",
        "typical": "^2.6.1"
      }
    }
  }
}
